// !$*UTF8*$!
{
	archiveVersion = 1;
	classes = {
	};
	objectVersion = 50;
	objects = {

/* Begin PBXBuildFile section */
		17F52D0DCFC15A53C4ED0363 /* Pods_Spellquiz.framework in Frameworks */ = {isa = PBXBuildFile; fileRef = 2DA07F18DA377C45EC0E3CE1 /* Pods_Spellquiz.framework */; };
		1B09D0EE20EAD1B100AA42E2 /* QuizPlayVC.swift in Sources */ = {isa = PBXBuildFile; fileRef = 1B09D0ED20EAD1B100AA42E2 /* QuizPlayVC.swift */; };
		1B09D0F420EADA1A00AA42E2 /* QuestionModel.swift in Sources */ = {isa = PBXBuildFile; fileRef = 1B09D0F320EADA1A00AA42E2 /* QuestionModel.swift */; };
		1B09D0F620EAF22800AA42E2 /* Class5Questions.swift in Sources */ = {isa = PBXBuildFile; fileRef = 1B09D0F520EAF22800AA42E2 /* Class5Questions.swift */; };
		1B09D0FD20EB0FAE00AA42E2 /* WebViewViewController.swift in Sources */ = {isa = PBXBuildFile; fileRef = 1B09D0FC20EB0FAE00AA42E2 /* WebViewViewController.swift */; };
		1B256EE420EC69180049303B /* checked_done_.json in Resources */ = {isa = PBXBuildFile; fileRef = 1B256EE220EC69170049303B /* checked_done_.json */; };
		1B256EE520EC69180049303B /* error.json in Resources */ = {isa = PBXBuildFile; fileRef = 1B256EE320EC69180049303B /* error.json */; };
		1B256EE720EC70170049303B /* flow.json in Resources */ = {isa = PBXBuildFile; fileRef = 1B256EE620EC70170049303B /* flow.json */; };
		1B44196520E3E479000431E1 /* AppDelegate.swift in Sources */ = {isa = PBXBuildFile; fileRef = 1B44196420E3E479000431E1 /* AppDelegate.swift */; };
		1B44196720E3E479000431E1 /* ViewController.swift in Sources */ = {isa = PBXBuildFile; fileRef = 1B44196620E3E479000431E1 /* ViewController.swift */; };
		1B44196A20E3E479000431E1 /* Main.storyboard in Resources */ = {isa = PBXBuildFile; fileRef = 1B44196820E3E479000431E1 /* Main.storyboard */; };
		1B44196F20E3E47C000431E1 /* LaunchScreen.storyboard in Resources */ = {isa = PBXBuildFile; fileRef = 1B44196D20E3E47C000431E1 /* LaunchScreen.storyboard */; };
		1B48B04720ECF7DF00AF8EB1 /* Assets.xcassets in Resources */ = {isa = PBXBuildFile; fileRef = 1B48B04620ECF7DF00AF8EB1 /* Assets.xcassets */; };
		1BFE99B120EC4229006CC064 /* GoogleService-Info.plist in Resources */ = {isa = PBXBuildFile; fileRef = 1BFE99B020EC4229006CC064 /* GoogleService-Info.plist */; };
/* End PBXBuildFile section */

/* Begin PBXFileReference section */
		1B09D0ED20EAD1B100AA42E2 /* QuizPlayVC.swift */ = {isa = PBXFileReference; lastKnownFileType = sourcecode.swift; path = QuizPlayVC.swift; sourceTree = "<group>"; };
		1B09D0F320EADA1A00AA42E2 /* QuestionModel.swift */ = {isa = PBXFileReference; lastKnownFileType = sourcecode.swift; path = QuestionModel.swift; sourceTree = "<group>"; };
		1B09D0F520EAF22800AA42E2 /* Class5Questions.swift */ = {isa = PBXFileReference; lastKnownFileType = sourcecode.swift; path = Class5Questions.swift; sourceTree = "<group>"; };
		1B09D0FC20EB0FAE00AA42E2 /* WebViewViewController.swift */ = {isa = PBXFileReference; lastKnownFileType = sourcecode.swift; path = WebViewViewController.swift; sourceTree = "<group>"; };
		1B256EE220EC69170049303B /* checked_done_.json */ = {isa = PBXFileReference; fileEncoding = 4; lastKnownFileType = text.json; path = checked_done_.json; sourceTree = "<group>"; };
		1B256EE320EC69180049303B /* error.json */ = {isa = PBXFileReference; fileEncoding = 4; lastKnownFileType = text.json; path = error.json; sourceTree = "<group>"; };
		1B256EE620EC70170049303B /* flow.json */ = {isa = PBXFileReference; fileEncoding = 4; lastKnownFileType = text.json; path = flow.json; sourceTree = "<group>"; };
		1B44196120E3E479000431E1 /* Spellquiz.app */ = {isa = PBXFileReference; explicitFileType = wrapper.application; includeInIndex = 0; path = Spellquiz.app; sourceTree = BUILT_PRODUCTS_DIR; };
		1B44196420E3E479000431E1 /* AppDelegate.swift */ = {isa = PBXFileReference; lastKnownFileType = sourcecode.swift; path = AppDelegate.swift; sourceTree = "<group>"; };
		1B44196620E3E479000431E1 /* ViewController.swift */ = {isa = PBXFileReference; lastKnownFileType = sourcecode.swift; path = ViewController.swift; sourceTree = "<group>"; };
		1B44196920E3E479000431E1 /* Base */ = {isa = PBXFileReference; lastKnownFileType = file.storyboard; name = Base; path = Base.lproj/Main.storyboard; sourceTree = "<group>"; };
		1B44196E20E3E47C000431E1 /* Base */ = {isa = PBXFileReference; lastKnownFileType = file.storyboard; name = Base; path = Base.lproj/LaunchScreen.storyboard; sourceTree = "<group>"; };
		1B44197020E3E47C000431E1 /* Info.plist */ = {isa = PBXFileReference; lastKnownFileType = text.plist.xml; path = Info.plist; sourceTree = "<group>"; };
		1B48B04620ECF7DF00AF8EB1 /* Assets.xcassets */ = {isa = PBXFileReference; lastKnownFileType = folder.assetcatalog; path = Assets.xcassets; sourceTree = "<group>"; };
		1BFE99B020EC4229006CC064 /* GoogleService-Info.plist */ = {isa = PBXFileReference; fileEncoding = 4; lastKnownFileType = text.plist.xml; path = "GoogleService-Info.plist"; sourceTree = "<group>"; };
		2DA07F18DA377C45EC0E3CE1 /* Pods_Spellquiz.framework */ = {isa = PBXFileReference; explicitFileType = wrapper.framework; includeInIndex = 0; path = Pods_Spellquiz.framework; sourceTree = BUILT_PRODUCTS_DIR; };
		371A528F553D048DBF122C91 /* Pods-Spellquiz.release.xcconfig */ = {isa = PBXFileReference; includeInIndex = 1; lastKnownFileType = text.xcconfig; name = "Pods-Spellquiz.release.xcconfig"; path = "Pods/Target Support Files/Pods-Spellquiz/Pods-Spellquiz.release.xcconfig"; sourceTree = "<group>"; };
		86D1E6D5246A99D74FB36B36 /* Pods-Spellquiz.debug.xcconfig */ = {isa = PBXFileReference; includeInIndex = 1; lastKnownFileType = text.xcconfig; name = "Pods-Spellquiz.debug.xcconfig"; path = "Pods/Target Support Files/Pods-Spellquiz/Pods-Spellquiz.debug.xcconfig"; sourceTree = "<group>"; };
/* End PBXFileReference section */

/* Begin PBXFrameworksBuildPhase section */
		1B44195E20E3E479000431E1 /* Frameworks */ = {
			isa = PBXFrameworksBuildPhase;
			buildActionMask = 2147483647;
			files = (
				17F52D0DCFC15A53C4ED0363 /* Pods_Spellquiz.framework in Frameworks */,
			);
			runOnlyForDeploymentPostprocessing = 0;
		};
/* End PBXFrameworksBuildPhase section */

/* Begin PBXGroup section */
		0EE971E17F6B066D8A3F1DAB /* Frameworks */ = {
			isa = PBXGroup;
			children = (
				2DA07F18DA377C45EC0E3CE1 /* Pods_Spellquiz.framework */,
			);
			name = Frameworks;
			sourceTree = "<group>";
		};
		1B09D0EF20EAD9A500AA42E2 /* Model */ = {
			isa = PBXGroup;
			children = (
				1B09D0F320EADA1A00AA42E2 /* QuestionModel.swift */,
				1B09D0F520EAF22800AA42E2 /* Class5Questions.swift */,
			);
			path = Model;
			sourceTree = "<group>";
		};
		1B09D0F020EAD9AF00AA42E2 /* ViewCOntrollers */ = {
			isa = PBXGroup;
			children = (
				1B44196620E3E479000431E1 /* ViewController.swift */,
				1B09D0ED20EAD1B100AA42E2 /* QuizPlayVC.swift */,
				1B09D0FC20EB0FAE00AA42E2 /* WebViewViewController.swift */,
			);
			path = ViewCOntrollers;
			sourceTree = "<group>";
		};
		1B09D0FB20EAF76A00AA42E2 /* Support Files */ = {
			isa = PBXGroup;
			children = (
				1B48B04620ECF7DF00AF8EB1 /* Assets.xcassets */,
				1B256EE620EC70170049303B /* flow.json */,
			);
			path = "Support Files";
			sourceTree = "<group>";
		};
		1B44195820E3E479000431E1 = {
			isa = PBXGroup;
			children = (
				1B44196320E3E479000431E1 /* Spellquiz */,
				1B44196220E3E479000431E1 /* Products */,
				D2C2555C395332C50D7FBB94 /* Pods */,
				0EE971E17F6B066D8A3F1DAB /* Frameworks */,
			);
			sourceTree = "<group>";
		};
		1B44196220E3E479000431E1 /* Products */ = {
			isa = PBXGroup;
			children = (
				1B44196120E3E479000431E1 /* Spellquiz.app */,
			);
			name = Products;
			sourceTree = "<group>";
		};
		1B44196320E3E479000431E1 /* Spellquiz */ = {
			isa = PBXGroup;
			children = (
				1B09D0EF20EAD9A500AA42E2 /* Model */,
				1B44196420E3E479000431E1 /* AppDelegate.swift */,
				1B09D0F020EAD9AF00AA42E2 /* ViewCOntrollers */,
				1B44196820E3E479000431E1 /* Main.storyboard */,
				1B09D0FB20EAF76A00AA42E2 /* Support Files */,
				1B256EE220EC69170049303B /* checked_done_.json */,
				1B256EE320EC69180049303B /* error.json */,
				1B44196D20E3E47C000431E1 /* LaunchScreen.storyboard */,
				1B44197020E3E47C000431E1 /* Info.plist */,
				1BFE99B020EC4229006CC064 /* GoogleService-Info.plist */,
			);
			path = Spellquiz;
			sourceTree = "<group>";
		};
		D2C2555C395332C50D7FBB94 /* Pods */ = {
			isa = PBXGroup;
			children = (
				86D1E6D5246A99D74FB36B36 /* Pods-Spellquiz.debug.xcconfig */,
				371A528F553D048DBF122C91 /* Pods-Spellquiz.release.xcconfig */,
			);
			name = Pods;
			sourceTree = "<group>";
		};
/* End PBXGroup section */

/* Begin PBXNativeTarget section */
		1B44196020E3E479000431E1 /* Spellquiz */ = {
			isa = PBXNativeTarget;
			buildConfigurationList = 1B44197320E3E47C000431E1 /* Build configuration list for PBXNativeTarget "Spellquiz" */;
			buildPhases = (
				07AFD5C0A45B0A1CE17C7D81 /* [CP] Check Pods Manifest.lock */,
				1B44195D20E3E479000431E1 /* Sources */,
				1B44195E20E3E479000431E1 /* Frameworks */,
				1B44195F20E3E479000431E1 /* Resources */,
				3D4B2ABF75715CF7547FCA23 /* [CP] Embed Pods Frameworks */,
			);
			buildRules = (
			);
			dependencies = (
			);
			name = Spellquiz;
			productName = Spellquiz;
			productReference = 1B44196120E3E479000431E1 /* Spellquiz.app */;
			productType = "com.apple.product-type.application";
		};
/* End PBXNativeTarget section */

/* Begin PBXProject section */
		1B44195920E3E479000431E1 /* Project object */ = {
			isa = PBXProject;
			attributes = {
				LastSwiftUpdateCheck = 0940;
				LastUpgradeCheck = 0940;
				ORGANIZATIONNAME = biroke;
				TargetAttributes = {
					1B44196020E3E479000431E1 = {
						CreatedOnToolsVersion = 9.4.1;
						LastSwiftMigration = 0940;
					};
				};
			};
			buildConfigurationList = 1B44195C20E3E479000431E1 /* Build configuration list for PBXProject "Spellquiz" */;
			compatibilityVersion = "Xcode 9.3";
			developmentRegion = en;
			hasScannedForEncodings = 0;
			knownRegions = (
				en,
				Base,
			);
			mainGroup = 1B44195820E3E479000431E1;
			productRefGroup = 1B44196220E3E479000431E1 /* Products */;
			projectDirPath = "";
			projectRoot = "";
			targets = (
				1B44196020E3E479000431E1 /* Spellquiz */,
			);
		};
/* End PBXProject section */

/* Begin PBXResourcesBuildPhase section */
		1B44195F20E3E479000431E1 /* Resources */ = {
			isa = PBXResourcesBuildPhase;
			buildActionMask = 2147483647;
			files = (
				1B256EE520EC69180049303B /* error.json in Resources */,
				1B256EE720EC70170049303B /* flow.json in Resources */,
				1B256EE420EC69180049303B /* checked_done_.json in Resources */,
				1B44196F20E3E47C000431E1 /* LaunchScreen.storyboard in Resources */,
				1B48B04720ECF7DF00AF8EB1 /* Assets.xcassets in Resources */,
				1BFE99B120EC4229006CC064 /* GoogleService-Info.plist in Resources */,
				1B44196A20E3E479000431E1 /* Main.storyboard in Resources */,
			);
			runOnlyForDeploymentPostprocessing = 0;
		};
/* End PBXResourcesBuildPhase section */

/* Begin PBXShellScriptBuildPhase section */
		07AFD5C0A45B0A1CE17C7D81 /* [CP] Check Pods Manifest.lock */ = {
			isa = PBXShellScriptBuildPhase;
			buildActionMask = 2147483647;
			files = (
			);
			inputPaths = (
				"${PODS_PODFILE_DIR_PATH}/Podfile.lock",
				"${PODS_ROOT}/Manifest.lock",
			);
			name = "[CP] Check Pods Manifest.lock";
			outputPaths = (
				"$(DERIVED_FILE_DIR)/Pods-Spellquiz-checkManifestLockResult.txt",
			);
			runOnlyForDeploymentPostprocessing = 0;
			shellPath = /bin/sh;
			shellScript = "diff \"${PODS_PODFILE_DIR_PATH}/Podfile.lock\" \"${PODS_ROOT}/Manifest.lock\" > /dev/null\nif [ $? != 0 ] ; then\n    # print error to STDERR\n    echo \"error: The sandbox is not in sync with the Podfile.lock. Run 'pod install' or update your CocoaPods installation.\" >&2\n    exit 1\nfi\n# This output is used by Xcode 'outputs' to avoid re-running this script phase.\necho \"SUCCESS\" > \"${SCRIPT_OUTPUT_FILE_0}\"\n";
			showEnvVarsInLog = 0;
		};
		3D4B2ABF75715CF7547FCA23 /* [CP] Embed Pods Frameworks */ = {
			isa = PBXShellScriptBuildPhase;
			buildActionMask = 2147483647;
			files = (
			);
			inputPaths = (
				"${SRCROOT}/Pods/Target Support Files/Pods-Spellquiz/Pods-Spellquiz-frameworks.sh",
				"${BUILT_PRODUCTS_DIR}/GoogleToolboxForMac/GoogleToolboxForMac.framework",
				"${BUILT_PRODUCTS_DIR}/leveldb-library/leveldb.framework",
				"${BUILT_PRODUCTS_DIR}/lottie-ios/Lottie.framework",
				"${BUILT_PRODUCTS_DIR}/nanopb/nanopb.framework",
			);
			name = "[CP] Embed Pods Frameworks";
			outputPaths = (
				"${TARGET_BUILD_DIR}/${FRAMEWORKS_FOLDER_PATH}/GoogleToolboxForMac.framework",
				"${TARGET_BUILD_DIR}/${FRAMEWORKS_FOLDER_PATH}/leveldb.framework",
				"${TARGET_BUILD_DIR}/${FRAMEWORKS_FOLDER_PATH}/Lottie.framework",
				"${TARGET_BUILD_DIR}/${FRAMEWORKS_FOLDER_PATH}/nanopb.framework",
			);
			runOnlyForDeploymentPostprocessing = 0;
			shellPath = /bin/sh;
			shellScript = "\"${SRCROOT}/Pods/Target Support Files/Pods-Spellquiz/Pods-Spellquiz-frameworks.sh\"\n";
			showEnvVarsInLog = 0;
		};
/* End PBXShellScriptBuildPhase section */

/* Begin PBXSourcesBuildPhase section */
		1B44195D20E3E479000431E1 /* Sources */ = {
			isa = PBXSourcesBuildPhase;
			buildActionMask = 2147483647;
			files = (
				1B09D0FD20EB0FAE00AA42E2 /* WebViewViewController.swift in Sources */,
				1B44196720E3E479000431E1 /* ViewController.swift in Sources */,
				1B09D0F620EAF22800AA42E2 /* Class5Questions.swift in Sources */,
				1B44196520E3E479000431E1 /* AppDelegate.swift in Sources */,
				1B09D0EE20EAD1B100AA42E2 /* QuizPlayVC.swift in Sources */,
				1B09D0F420EADA1A00AA42E2 /* QuestionModel.swift in Sources */,
			);
			runOnlyForDeploymentPostprocessing = 0;
		};
/* End PBXSourcesBuildPhase section */

/* Begin PBXVariantGroup section */
		1B44196820E3E479000431E1 /* Main.storyboard */ = {
			isa = PBXVariantGroup;
			children = (
				1B44196920E3E479000431E1 /* Base */,
			);
			name = Main.storyboard;
			sourceTree = "<group>";
		};
		1B44196D20E3E47C000431E1 /* LaunchScreen.storyboard */ = {
			isa = PBXVariantGroup;
			children = (
				1B44196E20E3E47C000431E1 /* Base */,
			);
			name = LaunchScreen.storyboard;
			sourceTree = "<group>";
		};
/* End PBXVariantGroup section */

/* Begin XCBuildConfiguration section */
		1B44197120E3E47C000431E1 /* Debug */ = {
			isa = XCBuildConfiguration;
			buildSettings = {
				ALWAYS_SEARCH_USER_PATHS = NO;
				CLANG_ANALYZER_NONNULL = YES;
				CLANG_ANALYZER_NUMBER_OBJECT_CONVERSION = YES_AGGRESSIVE;
				CLANG_CXX_LANGUAGE_STANDARD = "gnu++14";
				CLANG_CXX_LIBRARY = "libc++";
				CLANG_ENABLE_MODULES = YES;
				CLANG_ENABLE_OBJC_ARC = YES;
				CLANG_ENABLE_OBJC_WEAK = YES;
				CLANG_WARN_BLOCK_CAPTURE_AUTORELEASING = YES;
				CLANG_WARN_BOOL_CONVERSION = YES;
				CLANG_WARN_COMMA = YES;
				CLANG_WARN_CONSTANT_CONVERSION = YES;
				CLANG_WARN_DEPRECATED_OBJC_IMPLEMENTATIONS = YES;
				CLANG_WARN_DIRECT_OBJC_ISA_USAGE = YES_ERROR;
				CLANG_WARN_DOCUMENTATION_COMMENTS = YES;
				CLANG_WARN_EMPTY_BODY = YES;
				CLANG_WARN_ENUM_CONVERSION = YES;
				CLANG_WARN_INFINITE_RECURSION = YES;
				CLANG_WARN_INT_CONVERSION = YES;
				CLANG_WARN_NON_LITERAL_NULL_CONVERSION = YES;
				CLANG_WARN_OBJC_IMPLICIT_RETAIN_SELF = YES;
				CLANG_WARN_OBJC_LITERAL_CONVERSION = YES;
				CLANG_WARN_OBJC_ROOT_CLASS = YES_ERROR;
				CLANG_WARN_RANGE_LOOP_ANALYSIS = YES;
				CLANG_WARN_STRICT_PROTOTYPES = YES;
				CLANG_WARN_SUSPICIOUS_MOVE = YES;
				CLANG_WARN_UNGUARDED_AVAILABILITY = YES_AGGRESSIVE;
				CLANG_WARN_UNREACHABLE_CODE = YES;
				CLANG_WARN__DUPLICATE_METHOD_MATCH = YES;
				CODE_SIGN_IDENTITY = "iPhone Developer";
				COPY_PHASE_STRIP = NO;
				DEBUG_INFORMATION_FORMAT = dwarf;
				ENABLE_STRICT_OBJC_MSGSEND = YES;
				ENABLE_TESTABILITY = YES;
				GCC_C_LANGUAGE_STANDARD = gnu11;
				GCC_DYNAMIC_NO_PIC = NO;
				GCC_NO_COMMON_BLOCKS = YES;
				GCC_OPTIMIZATION_LEVEL = 0;
				GCC_PREPROCESSOR_DEFINITIONS = (
					"DEBUG=1",
					"$(inherited)",
				);
				GCC_WARN_64_TO_32_BIT_CONVERSION = YES;
				GCC_WARN_ABOUT_RETURN_TYPE = YES_ERROR;
				GCC_WARN_UNDECLARED_SELECTOR = YES;
				GCC_WARN_UNINITIALIZED_AUTOS = YES_AGGRESSIVE;
				GCC_WARN_UNUSED_FUNCTION = YES;
				GCC_WARN_UNUSED_VARIABLE = YES;
				IPHONEOS_DEPLOYMENT_TARGET = 11.4;
				MTL_ENABLE_DEBUG_INFO = YES;
				ONLY_ACTIVE_ARCH = YES;
				SDKROOT = iphoneos;
				SWIFT_ACTIVE_COMPILATION_CONDITIONS = DEBUG;
				SWIFT_OPTIMIZATION_LEVEL = "-Onone";
			};
			name = Debug;
		};
		1B44197220E3E47C000431E1 /* Release */ = {
			isa = XCBuildConfiguration;
			buildSettings = {
				ALWAYS_SEARCH_USER_PATHS = NO;
				CLANG_ANALYZER_NONNULL = YES;
				CLANG_ANALYZER_NUMBER_OBJECT_CONVERSION = YES_AGGRESSIVE;
				CLANG_CXX_LANGUAGE_STANDARD = "gnu++14";
				CLANG_CXX_LIBRARY = "libc++";
				CLANG_ENABLE_MODULES = YES;
				CLANG_ENABLE_OBJC_ARC = YES;
				CLANG_ENABLE_OBJC_WEAK = YES;
				CLANG_WARN_BLOCK_CAPTURE_AUTORELEASING = YES;
				CLANG_WARN_BOOL_CONVERSION = YES;
				CLANG_WARN_COMMA = YES;
				CLANG_WARN_CONSTANT_CONVERSION = YES;
				CLANG_WARN_DEPRECATED_OBJC_IMPLEMENTATIONS = YES;
				CLANG_WARN_DIRECT_OBJC_ISA_USAGE = YES_ERROR;
				CLANG_WARN_DOCUMENTATION_COMMENTS = YES;
				CLANG_WARN_EMPTY_BODY = YES;
				CLANG_WARN_ENUM_CONVERSION = YES;
				CLANG_WARN_INFINITE_RECURSION = YES;
				CLANG_WARN_INT_CONVERSION = YES;
				CLANG_WARN_NON_LITERAL_NULL_CONVERSION = YES;
				CLANG_WARN_OBJC_IMPLICIT_RETAIN_SELF = YES;
				CLANG_WARN_OBJC_LITERAL_CONVERSION = YES;
				CLANG_WARN_OBJC_ROOT_CLASS = YES_ERROR;
				CLANG_WARN_RANGE_LOOP_ANALYSIS = YES;
				CLANG_WARN_STRICT_PROTOTYPES = YES;
				CLANG_WARN_SUSPICIOUS_MOVE = YES;
				CLANG_WARN_UNGUARDED_AVAILABILITY = YES_AGGRESSIVE;
				CLANG_WARN_UNREACHABLE_CODE = YES;
				CLANG_WARN__DUPLICATE_METHOD_MATCH = YES;
				CODE_SIGN_IDENTITY = "iPhone Developer";
				COPY_PHASE_STRIP = NO;
				DEBUG_INFORMATION_FORMAT = "dwarf-with-dsym";
				ENABLE_NS_ASSERTIONS = NO;
				ENABLE_STRICT_OBJC_MSGSEND = YES;
				GCC_C_LANGUAGE_STANDARD = gnu11;
				GCC_NO_COMMON_BLOCKS = YES;
				GCC_WARN_64_TO_32_BIT_CONVERSION = YES;
				GCC_WARN_ABOUT_RETURN_TYPE = YES_ERROR;
				GCC_WARN_UNDECLARED_SELECTOR = YES;
				GCC_WARN_UNINITIALIZED_AUTOS = YES_AGGRESSIVE;
				GCC_WARN_UNUSED_FUNCTION = YES;
				GCC_WARN_UNUSED_VARIABLE = YES;
				IPHONEOS_DEPLOYMENT_TARGET = 11.4;
				MTL_ENABLE_DEBUG_INFO = NO;
				SDKROOT = iphoneos;
				SWIFT_COMPILATION_MODE = wholemodule;
				SWIFT_OPTIMIZATION_LEVEL = "-O";
				VALIDATE_PRODUCT = YES;
			};
			name = Release;
		};
		1B44197420E3E47C000431E1 /* Debug */ = {
			isa = XCBuildConfiguration;
			baseConfigurationReference = 86D1E6D5246A99D74FB36B36 /* Pods-Spellquiz.debug.xcconfig */;
			buildSettings = {
				ASSETCATALOG_COMPILER_APPICON_NAME = AppIcon;
				CLANG_ENABLE_MODULES = YES;
				CODE_SIGN_STYLE = Automatic;
				DEVELOPMENT_TEAM = 29R9MTX8J8;
				INFOPLIST_FILE = Spellquiz/Info.plist;
				IPHONEOS_DEPLOYMENT_TARGET = 11.0;
				LD_RUNPATH_SEARCH_PATHS = (
					"$(inherited)",
					"@executable_path/Frameworks",
				);
				PRODUCT_BUNDLE_IDENTIFIER = com.selfLearner;
				PRODUCT_NAME = "$(TARGET_NAME)";
				SWIFT_INSTALL_OBJC_HEADER = YES;
				SWIFT_OPTIMIZATION_LEVEL = "-Onone";
				SWIFT_PRECOMPILE_BRIDGING_HEADER = YES;
				SWIFT_VERSION = 4.0;
				TARGETED_DEVICE_FAMILY = "1,2";
			};
			name = Debug;
		};
		1B44197520E3E47C000431E1 /* Release */ = {
			isa = XCBuildConfiguration;
			baseConfigurationReference = 371A528F553D048DBF122C91 /* Pods-Spellquiz.release.xcconfig */;
			buildSettings = {
				ASSETCATALOG_COMPILER_APPICON_NAME = AppIcon;
				CLANG_ENABLE_MODULES = YES;
				CODE_SIGN_STYLE = Automatic;
				DEVELOPMENT_TEAM = 29R9MTX8J8;
				INFOPLIST_FILE = Spellquiz/Info.plist;
				IPHONEOS_DEPLOYMENT_TARGET = 11.0;
				LD_RUNPATH_SEARCH_PATHS = (
					"$(inherited)",
					"@executable_path/Frameworks",
				);
				PRODUCT_BUNDLE_IDENTIFIER = com.selfLearner;
				PRODUCT_NAME = "$(TARGET_NAME)";
				SWIFT_INSTALL_OBJC_HEADER = YES;
				SWIFT_PRECOMPILE_BRIDGING_HEADER = YES;
				SWIFT_VERSION = 4.0;
				TARGETED_DEVICE_FAMILY = "1,2";
			};
			name = Release;
		};
/* End XCBuildConfiguration section */

/* Begin XCConfigurationList section */
		1B44195C20E3E479000431E1 /* Build configuration list for PBXProject "Spellquiz" */ = {
			isa = XCConfigurationList;
			buildConfigurations = (
				1B44197120E3E47C000431E1 /* Debug */,
				1B44197220E3E47C000431E1 /* Release */,
			);
			defaultConfigurationIsVisible = 0;
			defaultConfigurationName = Release;
		};
		1B44197320E3E47C000431E1 /* Build configuration list for PBXNativeTarget "Spellquiz" */ = {
			isa = XCConfigurationList;
			buildConfigurations = (
				1B44197420E3E47C000431E1 /* Debug */,
				1B44197520E3E47C000431E1 /* Release */,
			);
			defaultConfigurationIsVisible = 0;
			defaultConfigurationName = Release;
		};
/* End XCConfigurationList section */
	};
	rootObject = 1B44195920E3E479000431E1 /* Project object */;
}
